// !$*UTF8*$!
{
	archiveVersion = 1;
	classes = {
	};
	objectVersion = 56;
	objects = {

/* Begin PBXBuildFile section */
		2E797E012AFD8279001685E4 /* VehicleData.swift in Sources */ = {isa = PBXBuildFile; fileRef = 2E797E002AFD8279001685E4 /* VehicleData.swift */; };
		2E797E042AFD87C3001685E4 /* DashboardCardView.swift in Sources */ = {isa = PBXBuildFile; fileRef = 2E797E032AFD87C3001685E4 /* DashboardCardView.swift */; };
		2E9117312AE99F7A00F707C6 /* FinalProjectAppApp.swift in Sources */ = {isa = PBXBuildFile; fileRef = 2E9117302AE99F7A00F707C6 /* FinalProjectAppApp.swift */; };
		2E9117332AE99F7A00F707C6 /* ContentView.swift in Sources */ = {isa = PBXBuildFile; fileRef = 2E9117322AE99F7A00F707C6 /* ContentView.swift */; };
		2E9117352AE99F7B00F707C6 /* Assets.xcassets in Resources */ = {isa = PBXBuildFile; fileRef = 2E9117342AE99F7B00F707C6 /* Assets.xcassets */; };
		2E9117392AE99F7B00F707C6 /* Preview Assets.xcassets in Resources */ = {isa = PBXBuildFile; fileRef = 2E9117382AE99F7B00F707C6 /* Preview Assets.xcassets */; };
		2E9117432AE99F7B00F707C6 /* FinalProjectAppTests.swift in Sources */ = {isa = PBXBuildFile; fileRef = 2E9117422AE99F7B00F707C6 /* FinalProjectAppTests.swift */; };
		2E91174D2AE99F7B00F707C6 /* FinalProjectAppUITests.swift in Sources */ = {isa = PBXBuildFile; fileRef = 2E91174C2AE99F7B00F707C6 /* FinalProjectAppUITests.swift */; };
		2E91174F2AE99F7B00F707C6 /* FinalProjectAppUITestsLaunchTests.swift in Sources */ = {isa = PBXBuildFile; fileRef = 2E91174E2AE99F7B00F707C6 /* FinalProjectAppUITestsLaunchTests.swift */; };
		2E9117602AE9B83700F707C6 /* NavigationBar.swift in Sources */ = {isa = PBXBuildFile; fileRef = 2E91175F2AE9B83700F707C6 /* NavigationBar.swift */; };
		2E9117622AEB06CD00F707C6 /* DashboardView.swift in Sources */ = {isa = PBXBuildFile; fileRef = 2E9117612AEB06CD00F707C6 /* DashboardView.swift */; };
		2E9117642AEB06DD00F707C6 /* BasicInfoView.swift in Sources */ = {isa = PBXBuildFile; fileRef = 2E9117632AEB06DD00F707C6 /* BasicInfoView.swift */; };
		2E9117662AEB06E900F707C6 /* LogPageView.swift in Sources */ = {isa = PBXBuildFile; fileRef = 2E9117652AEB06E900F707C6 /* LogPageView.swift */; };
		2E9117682AEB06F600F707C6 /* ReminderView.swift in Sources */ = {isa = PBXBuildFile; fileRef = 2E9117672AEB06F600F707C6 /* ReminderView.swift */; };
		2E91176A2AEB070B00F707C6 /* ServiceView.swift in Sources */ = {isa = PBXBuildFile; fileRef = 2E9117692AEB070B00F707C6 /* ServiceView.swift */; };
		2E91176C2AF082CA00F707C6 /* CarSelectionView.swift in Sources */ = {isa = PBXBuildFile; fileRef = 2E91176B2AF082CA00F707C6 /* CarSelectionView.swift */; };
/* End PBXBuildFile section */

/* Begin PBXContainerItemProxy section */
		2E91173F2AE99F7B00F707C6 /* PBXContainerItemProxy */ = {
			isa = PBXContainerItemProxy;
			containerPortal = 2E9117252AE99F7A00F707C6 /* Project object */;
			proxyType = 1;
			remoteGlobalIDString = 2E91172C2AE99F7A00F707C6;
			remoteInfo = FinalProjectApp;
		};
		2E9117492AE99F7B00F707C6 /* PBXContainerItemProxy */ = {
			isa = PBXContainerItemProxy;
			containerPortal = 2E9117252AE99F7A00F707C6 /* Project object */;
			proxyType = 1;
			remoteGlobalIDString = 2E91172C2AE99F7A00F707C6;
			remoteInfo = FinalProjectApp;
		};
/* End PBXContainerItemProxy section */

/* Begin PBXFileReference section */
		2E797E002AFD8279001685E4 /* VehicleData.swift */ = {isa = PBXFileReference; lastKnownFileType = sourcecode.swift; path = VehicleData.swift; sourceTree = "<group>"; };
		2E797E032AFD87C3001685E4 /* DashboardCardView.swift */ = {isa = PBXFileReference; lastKnownFileType = sourcecode.swift; path = DashboardCardView.swift; sourceTree = "<group>"; };
		2E91172D2AE99F7A00F707C6 /* FinalProjectApp.app */ = {isa = PBXFileReference; explicitFileType = wrapper.application; includeInIndex = 0; path = FinalProjectApp.app; sourceTree = BUILT_PRODUCTS_DIR; };
		2E9117302AE99F7A00F707C6 /* FinalProjectAppApp.swift */ = {isa = PBXFileReference; lastKnownFileType = sourcecode.swift; path = FinalProjectAppApp.swift; sourceTree = "<group>"; };
		2E9117322AE99F7A00F707C6 /* ContentView.swift */ = {isa = PBXFileReference; lastKnownFileType = sourcecode.swift; path = ContentView.swift; sourceTree = "<group>"; };
		2E9117342AE99F7B00F707C6 /* Assets.xcassets */ = {isa = PBXFileReference; lastKnownFileType = folder.assetcatalog; path = Assets.xcassets; sourceTree = "<group>"; };
		2E9117362AE99F7B00F707C6 /* FinalProjectApp.entitlements */ = {isa = PBXFileReference; lastKnownFileType = text.plist.entitlements; path = FinalProjectApp.entitlements; sourceTree = "<group>"; };
		2E9117382AE99F7B00F707C6 /* Preview Assets.xcassets */ = {isa = PBXFileReference; lastKnownFileType = folder.assetcatalog; path = "Preview Assets.xcassets"; sourceTree = "<group>"; };
		2E91173E2AE99F7B00F707C6 /* FinalProjectAppTests.xctest */ = {isa = PBXFileReference; explicitFileType = wrapper.cfbundle; includeInIndex = 0; path = FinalProjectAppTests.xctest; sourceTree = BUILT_PRODUCTS_DIR; };
		2E9117422AE99F7B00F707C6 /* FinalProjectAppTests.swift */ = {isa = PBXFileReference; lastKnownFileType = sourcecode.swift; path = FinalProjectAppTests.swift; sourceTree = "<group>"; };
		2E9117482AE99F7B00F707C6 /* FinalProjectAppUITests.xctest */ = {isa = PBXFileReference; explicitFileType = wrapper.cfbundle; includeInIndex = 0; path = FinalProjectAppUITests.xctest; sourceTree = BUILT_PRODUCTS_DIR; };
		2E91174C2AE99F7B00F707C6 /* FinalProjectAppUITests.swift */ = {isa = PBXFileReference; lastKnownFileType = sourcecode.swift; path = FinalProjectAppUITests.swift; sourceTree = "<group>"; };
		2E91174E2AE99F7B00F707C6 /* FinalProjectAppUITestsLaunchTests.swift */ = {isa = PBXFileReference; lastKnownFileType = sourcecode.swift; path = FinalProjectAppUITestsLaunchTests.swift; sourceTree = "<group>"; };
		2E91175F2AE9B83700F707C6 /* NavigationBar.swift */ = {isa = PBXFileReference; lastKnownFileType = sourcecode.swift; path = NavigationBar.swift; sourceTree = "<group>"; };
		2E9117612AEB06CD00F707C6 /* DashboardView.swift */ = {isa = PBXFileReference; lastKnownFileType = sourcecode.swift; path = DashboardView.swift; sourceTree = "<group>"; };
		2E9117632AEB06DD00F707C6 /* BasicInfoView.swift */ = {isa = PBXFileReference; lastKnownFileType = sourcecode.swift; path = BasicInfoView.swift; sourceTree = "<group>"; };
		2E9117652AEB06E900F707C6 /* LogPageView.swift */ = {isa = PBXFileReference; lastKnownFileType = sourcecode.swift; path = LogPageView.swift; sourceTree = "<group>"; };
		2E9117672AEB06F600F707C6 /* ReminderView.swift */ = {isa = PBXFileReference; lastKnownFileType = sourcecode.swift; path = ReminderView.swift; sourceTree = "<group>"; };
		2E9117692AEB070B00F707C6 /* ServiceView.swift */ = {isa = PBXFileReference; lastKnownFileType = sourcecode.swift; path = ServiceView.swift; sourceTree = "<group>"; };
		2E91176B2AF082CA00F707C6 /* CarSelectionView.swift */ = {isa = PBXFileReference; lastKnownFileType = sourcecode.swift; path = CarSelectionView.swift; sourceTree = "<group>"; };
/* End PBXFileReference section */

/* Begin PBXFrameworksBuildPhase section */
		2E91172A2AE99F7A00F707C6 /* Frameworks */ = {
			isa = PBXFrameworksBuildPhase;
			buildActionMask = 2147483647;
			files = (
			);
			runOnlyForDeploymentPostprocessing = 0;
		};
		2E91173B2AE99F7B00F707C6 /* Frameworks */ = {
			isa = PBXFrameworksBuildPhase;
			buildActionMask = 2147483647;
			files = (
			);
			runOnlyForDeploymentPostprocessing = 0;
		};
		2E9117452AE99F7B00F707C6 /* Frameworks */ = {
			isa = PBXFrameworksBuildPhase;
			buildActionMask = 2147483647;
			files = (
			);
			runOnlyForDeploymentPostprocessing = 0;
		};
/* End PBXFrameworksBuildPhase section */

/* Begin PBXGroup section */
		2E797DFF2AFD8260001685E4 /* data */ = {
			isa = PBXGroup;
			children = (
				2E797E002AFD8279001685E4 /* VehicleData.swift */,
			);
			path = data;
			sourceTree = "<group>";
		};
		2E797E022AFD87A6001685E4 /* custom cells */ = {
			isa = PBXGroup;
			children = (
				2E797E032AFD87C3001685E4 /* DashboardCardView.swift */,
			);
			path = "custom cells";
			sourceTree = "<group>";
		};
		2E9117242AE99F7A00F707C6 = {
			isa = PBXGroup;
			children = (
				2E91172F2AE99F7A00F707C6 /* FinalProjectApp */,
				2E9117412AE99F7B00F707C6 /* FinalProjectAppTests */,
				2E91174B2AE99F7B00F707C6 /* FinalProjectAppUITests */,
				2E91172E2AE99F7A00F707C6 /* Products */,
			);
			sourceTree = "<group>";
		};
		2E91172E2AE99F7A00F707C6 /* Products */ = {
			isa = PBXGroup;
			children = (
				2E91172D2AE99F7A00F707C6 /* FinalProjectApp.app */,
				2E91173E2AE99F7B00F707C6 /* FinalProjectAppTests.xctest */,
				2E9117482AE99F7B00F707C6 /* FinalProjectAppUITests.xctest */,
			);
			name = Products;
			sourceTree = "<group>";
		};
		2E91172F2AE99F7A00F707C6 /* FinalProjectApp */ = {
			isa = PBXGroup;
			children = (
				2E797E022AFD87A6001685E4 /* custom cells */,
				2E797DFF2AFD8260001685E4 /* data */,
				2E9117302AE99F7A00F707C6 /* FinalProjectAppApp.swift */,
				2E91175E2AE9B77D00F707C6 /* Navigation */,
				2E91175B2AE9B20300F707C6 /* Views */,
				2E9117342AE99F7B00F707C6 /* Assets.xcassets */,
				2E9117362AE99F7B00F707C6 /* FinalProjectApp.entitlements */,
				2E9117372AE99F7B00F707C6 /* Preview Content */,
			);
			path = FinalProjectApp;
			sourceTree = "<group>";
		};
		2E9117372AE99F7B00F707C6 /* Preview Content */ = {
			isa = PBXGroup;
			children = (
				2E9117382AE99F7B00F707C6 /* Preview Assets.xcassets */,
			);
			path = "Preview Content";
			sourceTree = "<group>";
		};
		2E9117412AE99F7B00F707C6 /* FinalProjectAppTests */ = {
			isa = PBXGroup;
			children = (
				2E9117422AE99F7B00F707C6 /* FinalProjectAppTests.swift */,
			);
			path = FinalProjectAppTests;
			sourceTree = "<group>";
		};
		2E91174B2AE99F7B00F707C6 /* FinalProjectAppUITests */ = {
			isa = PBXGroup;
			children = (
				2E91174C2AE99F7B00F707C6 /* FinalProjectAppUITests.swift */,
				2E91174E2AE99F7B00F707C6 /* FinalProjectAppUITestsLaunchTests.swift */,
			);
			path = FinalProjectAppUITests;
			sourceTree = "<group>";
		};
		2E91175B2AE9B20300F707C6 /* Views */ = {
			isa = PBXGroup;
			children = (
				2E9117322AE99F7A00F707C6 /* ContentView.swift */,
				2E91176B2AF082CA00F707C6 /* CarSelectionView.swift */,
				2E9117612AEB06CD00F707C6 /* DashboardView.swift */,
				2E9117632AEB06DD00F707C6 /* BasicInfoView.swift */,
				2E9117652AEB06E900F707C6 /* LogPageView.swift */,
				2E9117672AEB06F600F707C6 /* ReminderView.swift */,
				2E9117692AEB070B00F707C6 /* ServiceView.swift */,
			);
			path = Views;
			sourceTree = "<group>";
		};
		2E91175E2AE9B77D00F707C6 /* Navigation */ = {
			isa = PBXGroup;
			children = (
				2E91175F2AE9B83700F707C6 /* NavigationBar.swift */,
			);
			path = Navigation;
			sourceTree = "<group>";
		};
/* End PBXGroup section */

/* Begin PBXNativeTarget section */
		2E91172C2AE99F7A00F707C6 /* FinalProjectApp */ = {
			isa = PBXNativeTarget;
			buildConfigurationList = 2E9117522AE99F7B00F707C6 /* Build configuration list for PBXNativeTarget "FinalProjectApp" */;
			buildPhases = (
				2E9117292AE99F7A00F707C6 /* Sources */,
				2E91172A2AE99F7A00F707C6 /* Frameworks */,
				2E91172B2AE99F7A00F707C6 /* Resources */,
			);
			buildRules = (
			);
			dependencies = (
			);
			name = FinalProjectApp;
			productName = FinalProjectApp;
			productReference = 2E91172D2AE99F7A00F707C6 /* FinalProjectApp.app */;
			productType = "com.apple.product-type.application";
		};
		2E91173D2AE99F7B00F707C6 /* FinalProjectAppTests */ = {
			isa = PBXNativeTarget;
			buildConfigurationList = 2E9117552AE99F7B00F707C6 /* Build configuration list for PBXNativeTarget "FinalProjectAppTests" */;
			buildPhases = (
				2E91173A2AE99F7B00F707C6 /* Sources */,
				2E91173B2AE99F7B00F707C6 /* Frameworks */,
				2E91173C2AE99F7B00F707C6 /* Resources */,
			);
			buildRules = (
			);
			dependencies = (
				2E9117402AE99F7B00F707C6 /* PBXTargetDependency */,
			);
			name = FinalProjectAppTests;
			productName = FinalProjectAppTests;
			productReference = 2E91173E2AE99F7B00F707C6 /* FinalProjectAppTests.xctest */;
			productType = "com.apple.product-type.bundle.unit-test";
		};
		2E9117472AE99F7B00F707C6 /* FinalProjectAppUITests */ = {
			isa = PBXNativeTarget;
			buildConfigurationList = 2E9117582AE99F7B00F707C6 /* Build configuration list for PBXNativeTarget "FinalProjectAppUITests" */;
			buildPhases = (
				2E9117442AE99F7B00F707C6 /* Sources */,
				2E9117452AE99F7B00F707C6 /* Frameworks */,
				2E9117462AE99F7B00F707C6 /* Resources */,
			);
			buildRules = (
			);
			dependencies = (
				2E91174A2AE99F7B00F707C6 /* PBXTargetDependency */,
			);
			name = FinalProjectAppUITests;
			productName = FinalProjectAppUITests;
			productReference = 2E9117482AE99F7B00F707C6 /* FinalProjectAppUITests.xctest */;
			productType = "com.apple.product-type.bundle.ui-testing";
		};
/* End PBXNativeTarget section */

/* Begin PBXProject section */
		2E9117252AE99F7A00F707C6 /* Project object */ = {
			isa = PBXProject;
			attributes = {
				BuildIndependentTargetsInParallel = 1;
				LastSwiftUpdateCheck = 1500;
				LastUpgradeCheck = 1500;
				TargetAttributes = {
					2E91172C2AE99F7A00F707C6 = {
						CreatedOnToolsVersion = 15.0;
					};
					2E91173D2AE99F7B00F707C6 = {
						CreatedOnToolsVersion = 15.0;
						TestTargetID = 2E91172C2AE99F7A00F707C6;
					};
					2E9117472AE99F7B00F707C6 = {
						CreatedOnToolsVersion = 15.0;
						TestTargetID = 2E91172C2AE99F7A00F707C6;
					};
				};
			};
			buildConfigurationList = 2E9117282AE99F7A00F707C6 /* Build configuration list for PBXProject "FinalProjectApp" */;
			compatibilityVersion = "Xcode 14.0";
			developmentRegion = en;
			hasScannedForEncodings = 0;
			knownRegions = (
				en,
				Base,
			);
			mainGroup = 2E9117242AE99F7A00F707C6;
			productRefGroup = 2E91172E2AE99F7A00F707C6 /* Products */;
			projectDirPath = "";
			projectRoot = "";
			targets = (
				2E91172C2AE99F7A00F707C6 /* FinalProjectApp */,
				2E91173D2AE99F7B00F707C6 /* FinalProjectAppTests */,
				2E9117472AE99F7B00F707C6 /* FinalProjectAppUITests */,
			);
		};
/* End PBXProject section */

/* Begin PBXResourcesBuildPhase section */
		2E91172B2AE99F7A00F707C6 /* Resources */ = {
			isa = PBXResourcesBuildPhase;
			buildActionMask = 2147483647;
			files = (
				2E9117392AE99F7B00F707C6 /* Preview Assets.xcassets in Resources */,
				2E9117352AE99F7B00F707C6 /* Assets.xcassets in Resources */,
			);
			runOnlyForDeploymentPostprocessing = 0;
		};
		2E91173C2AE99F7B00F707C6 /* Resources */ = {
			isa = PBXResourcesBuildPhase;
			buildActionMask = 2147483647;
			files = (
			);
			runOnlyForDeploymentPostprocessing = 0;
		};
		2E9117462AE99F7B00F707C6 /* Resources */ = {
			isa = PBXResourcesBuildPhase;
			buildActionMask = 2147483647;
			files = (
			);
			runOnlyForDeploymentPostprocessing = 0;
		};
/* End PBXResourcesBuildPhase section */

/* Begin PBXSourcesBuildPhase section */
		2E9117292AE99F7A00F707C6 /* Sources */ = {
			isa = PBXSourcesBuildPhase;
			buildActionMask = 2147483647;
			files = (
				2E797E042AFD87C3001685E4 /* DashboardCardView.swift in Sources */,
				2E91176A2AEB070B00F707C6 /* ServiceView.swift in Sources */,
				2E9117662AEB06E900F707C6 /* LogPageView.swift in Sources */,
				2E9117332AE99F7A00F707C6 /* ContentView.swift in Sources */,
				2E9117622AEB06CD00F707C6 /* DashboardView.swift in Sources */,
				2E797E012AFD8279001685E4 /* VehicleData.swift in Sources */,
				2E9117682AEB06F600F707C6 /* ReminderView.swift in Sources */,
				2E9117312AE99F7A00F707C6 /* FinalProjectAppApp.swift in Sources */,
				2E9117642AEB06DD00F707C6 /* BasicInfoView.swift in Sources */,
				2E91176C2AF082CA00F707C6 /* CarSelectionView.swift in Sources */,
				2E9117602AE9B83700F707C6 /* NavigationBar.swift in Sources */,
			);
			runOnlyForDeploymentPostprocessing = 0;
		};
		2E91173A2AE99F7B00F707C6 /* Sources */ = {
			isa = PBXSourcesBuildPhase;
			buildActionMask = 2147483647;
			files = (
				2E9117432AE99F7B00F707C6 /* FinalProjectAppTests.swift in Sources */,
			);
			runOnlyForDeploymentPostprocessing = 0;
		};
		2E9117442AE99F7B00F707C6 /* Sources */ = {
			isa = PBXSourcesBuildPhase;
			buildActionMask = 2147483647;
			files = (
				2E91174D2AE99F7B00F707C6 /* FinalProjectAppUITests.swift in Sources */,
				2E91174F2AE99F7B00F707C6 /* FinalProjectAppUITestsLaunchTests.swift in Sources */,
			);
			runOnlyForDeploymentPostprocessing = 0;
		};
/* End PBXSourcesBuildPhase section */

/* Begin PBXTargetDependency section */
		2E9117402AE99F7B00F707C6 /* PBXTargetDependency */ = {
			isa = PBXTargetDependency;
			target = 2E91172C2AE99F7A00F707C6 /* FinalProjectApp */;
			targetProxy = 2E91173F2AE99F7B00F707C6 /* PBXContainerItemProxy */;
		};
		2E91174A2AE99F7B00F707C6 /* PBXTargetDependency */ = {
			isa = PBXTargetDependency;
			target = 2E91172C2AE99F7A00F707C6 /* FinalProjectApp */;
			targetProxy = 2E9117492AE99F7B00F707C6 /* PBXContainerItemProxy */;
		};
/* End PBXTargetDependency section */

/* Begin XCBuildConfiguration section */
		2E9117502AE99F7B00F707C6 /* Debug */ = {
			isa = XCBuildConfiguration;
			buildSettings = {
				ALWAYS_SEARCH_USER_PATHS = NO;
				ASSETCATALOG_COMPILER_GENERATE_SWIFT_ASSET_SYMBOL_EXTENSIONS = YES;
				CLANG_ANALYZER_NONNULL = YES;
				CLANG_ANALYZER_NUMBER_OBJECT_CONVERSION = YES_AGGRESSIVE;
				CLANG_CXX_LANGUAGE_STANDARD = "gnu++20";
				CLANG_ENABLE_MODULES = YES;
				CLANG_ENABLE_OBJC_ARC = YES;
				CLANG_ENABLE_OBJC_WEAK = YES;
				CLANG_WARN_BLOCK_CAPTURE_AUTORELEASING = YES;
				CLANG_WARN_BOOL_CONVERSION = YES;
				CLANG_WARN_COMMA = YES;
				CLANG_WARN_CONSTANT_CONVERSION = YES;
				CLANG_WARN_DEPRECATED_OBJC_IMPLEMENTATIONS = YES;
				CLANG_WARN_DIRECT_OBJC_ISA_USAGE = YES_ERROR;
				CLANG_WARN_DOCUMENTATION_COMMENTS = YES;
				CLANG_WARN_EMPTY_BODY = YES;
				CLANG_WARN_ENUM_CONVERSION = YES;
				CLANG_WARN_INFINITE_RECURSION = YES;
				CLANG_WARN_INT_CONVERSION = YES;
				CLANG_WARN_NON_LITERAL_NULL_CONVERSION = YES;
				CLANG_WARN_OBJC_IMPLICIT_RETAIN_SELF = YES;
				CLANG_WARN_OBJC_LITERAL_CONVERSION = YES;
				CLANG_WARN_OBJC_ROOT_CLASS = YES_ERROR;
				CLANG_WARN_QUOTED_INCLUDE_IN_FRAMEWORK_HEADER = YES;
				CLANG_WARN_RANGE_LOOP_ANALYSIS = YES;
				CLANG_WARN_STRICT_PROTOTYPES = YES;
				CLANG_WARN_SUSPICIOUS_MOVE = YES;
				CLANG_WARN_UNGUARDED_AVAILABILITY = YES_AGGRESSIVE;
				CLANG_WARN_UNREACHABLE_CODE = YES;
				CLANG_WARN__DUPLICATE_METHOD_MATCH = YES;
				COPY_PHASE_STRIP = NO;
				DEBUG_INFORMATION_FORMAT = dwarf;
				ENABLE_STRICT_OBJC_MSGSEND = YES;
				ENABLE_TESTABILITY = YES;
				ENABLE_USER_SCRIPT_SANDBOXING = YES;
				GCC_C_LANGUAGE_STANDARD = gnu17;
				GCC_DYNAMIC_NO_PIC = NO;
				GCC_NO_COMMON_BLOCKS = YES;
				GCC_OPTIMIZATION_LEVEL = 0;
				GCC_PREPROCESSOR_DEFINITIONS = (
					"DEBUG=1",
					"$(inherited)",
				);
				GCC_WARN_64_TO_32_BIT_CONVERSION = YES;
				GCC_WARN_ABOUT_RETURN_TYPE = YES_ERROR;
				GCC_WARN_UNDECLARED_SELECTOR = YES;
				GCC_WARN_UNINITIALIZED_AUTOS = YES_AGGRESSIVE;
				GCC_WARN_UNUSED_FUNCTION = YES;
				GCC_WARN_UNUSED_VARIABLE = YES;
				LOCALIZATION_PREFERS_STRING_CATALOGS = YES;
				MTL_ENABLE_DEBUG_INFO = INCLUDE_SOURCE;
				MTL_FAST_MATH = YES;
				ONLY_ACTIVE_ARCH = YES;
				SWIFT_ACTIVE_COMPILATION_CONDITIONS = "DEBUG $(inherited)";
				SWIFT_OPTIMIZATION_LEVEL = "-Onone";
			};
			name = Debug;
		};
		2E9117512AE99F7B00F707C6 /* Release */ = {
			isa = XCBuildConfiguration;
			buildSettings = {
				ALWAYS_SEARCH_USER_PATHS = NO;
				ASSETCATALOG_COMPILER_GENERATE_SWIFT_ASSET_SYMBOL_EXTENSIONS = YES;
				CLANG_ANALYZER_NONNULL = YES;
				CLANG_ANALYZER_NUMBER_OBJECT_CONVERSION = YES_AGGRESSIVE;
				CLANG_CXX_LANGUAGE_STANDARD = "gnu++20";
				CLANG_ENABLE_MODULES = YES;
				CLANG_ENABLE_OBJC_ARC = YES;
				CLANG_ENABLE_OBJC_WEAK = YES;
				CLANG_WARN_BLOCK_CAPTURE_AUTORELEASING = YES;
				CLANG_WARN_BOOL_CONVERSION = YES;
				CLANG_WARN_COMMA = YES;
				CLANG_WARN_CONSTANT_CONVERSION = YES;
				CLANG_WARN_DEPRECATED_OBJC_IMPLEMENTATIONS = YES;
				CLANG_WARN_DIRECT_OBJC_ISA_USAGE = YES_ERROR;
				CLANG_WARN_DOCUMENTATION_COMMENTS = YES;
				CLANG_WARN_EMPTY_BODY = YES;
				CLANG_WARN_ENUM_CONVERSION = YES;
				CLANG_WARN_INFINITE_RECURSION = YES;
				CLANG_WARN_INT_CONVERSION = YES;
				CLANG_WARN_NON_LITERAL_NULL_CONVERSION = YES;
				CLANG_WARN_OBJC_IMPLICIT_RETAIN_SELF = YES;
				CLANG_WARN_OBJC_LITERAL_CONVERSION = YES;
				CLANG_WARN_OBJC_ROOT_CLASS = YES_ERROR;
				CLANG_WARN_QUOTED_INCLUDE_IN_FRAMEWORK_HEADER = YES;
				CLANG_WARN_RANGE_LOOP_ANALYSIS = YES;
				CLANG_WARN_STRICT_PROTOTYPES = YES;
				CLANG_WARN_SUSPICIOUS_MOVE = YES;
				CLANG_WARN_UNGUARDED_AVAILABILITY = YES_AGGRESSIVE;
				CLANG_WARN_UNREACHABLE_CODE = YES;
				CLANG_WARN__DUPLICATE_METHOD_MATCH = YES;
				COPY_PHASE_STRIP = NO;
				DEBUG_INFORMATION_FORMAT = "dwarf-with-dsym";
				ENABLE_NS_ASSERTIONS = NO;
				ENABLE_STRICT_OBJC_MSGSEND = YES;
				ENABLE_USER_SCRIPT_SANDBOXING = YES;
				GCC_C_LANGUAGE_STANDARD = gnu17;
				GCC_NO_COMMON_BLOCKS = YES;
				GCC_WARN_64_TO_32_BIT_CONVERSION = YES;
				GCC_WARN_ABOUT_RETURN_TYPE = YES_ERROR;
				GCC_WARN_UNDECLARED_SELECTOR = YES;
				GCC_WARN_UNINITIALIZED_AUTOS = YES_AGGRESSIVE;
				GCC_WARN_UNUSED_FUNCTION = YES;
				GCC_WARN_UNUSED_VARIABLE = YES;
				LOCALIZATION_PREFERS_STRING_CATALOGS = YES;
				MTL_ENABLE_DEBUG_INFO = NO;
				MTL_FAST_MATH = YES;
				SWIFT_COMPILATION_MODE = wholemodule;
			};
			name = Release;
		};
		2E9117532AE99F7B00F707C6 /* Debug */ = {
			isa = XCBuildConfiguration;
			buildSettings = {
				ASSETCATALOG_COMPILER_APPICON_NAME = AppIcon;
				ASSETCATALOG_COMPILER_GLOBAL_ACCENT_COLOR_NAME = AccentColor;
				CODE_SIGN_ENTITLEMENTS = FinalProjectApp/FinalProjectApp.entitlements;
				CODE_SIGN_STYLE = Automatic;
				CURRENT_PROJECT_VERSION = 1;
				DEVELOPMENT_ASSET_PATHS = "\"FinalProjectApp/Preview Content\"";
				DEVELOPMENT_TEAM = 6697LTF9VB;
				ENABLE_HARDENED_RUNTIME = YES;
				ENABLE_PREVIEWS = YES;
				GENERATE_INFOPLIST_FILE = YES;
				"INFOPLIST_KEY_UIApplicationSceneManifest_Generation[sdk=iphoneos*]" = YES;
				"INFOPLIST_KEY_UIApplicationSceneManifest_Generation[sdk=iphonesimulator*]" = YES;
				"INFOPLIST_KEY_UIApplicationSupportsIndirectInputEvents[sdk=iphoneos*]" = YES;
				"INFOPLIST_KEY_UIApplicationSupportsIndirectInputEvents[sdk=iphonesimulator*]" = YES;
				"INFOPLIST_KEY_UILaunchScreen_Generation[sdk=iphoneos*]" = YES;
				"INFOPLIST_KEY_UILaunchScreen_Generation[sdk=iphonesimulator*]" = YES;
				"INFOPLIST_KEY_UIStatusBarStyle[sdk=iphoneos*]" = UIStatusBarStyleDefault;
				"INFOPLIST_KEY_UIStatusBarStyle[sdk=iphonesimulator*]" = UIStatusBarStyleDefault;
				INFOPLIST_KEY_UISupportedInterfaceOrientations_iPad = "UIInterfaceOrientationPortrait UIInterfaceOrientationPortraitUpsideDown UIInterfaceOrientationLandscapeLeft UIInterfaceOrientationLandscapeRight";
				INFOPLIST_KEY_UISupportedInterfaceOrientations_iPhone = "UIInterfaceOrientationPortrait UIInterfaceOrientationLandscapeLeft UIInterfaceOrientationLandscapeRight";
				IPHONEOS_DEPLOYMENT_TARGET = 17.0;
				LD_RUNPATH_SEARCH_PATHS = "@executable_path/Frameworks";
				"LD_RUNPATH_SEARCH_PATHS[sdk=macosx*]" = "@executable_path/../Frameworks";
				MACOSX_DEPLOYMENT_TARGET = 14.0;
				MARKETING_VERSION = 1.0;
				PRODUCT_BUNDLE_IDENTIFIER = MobileAppDev.FinalProjectApp;
				PRODUCT_NAME = "$(TARGET_NAME)";
				SDKROOT = auto;
				SUPPORTED_PLATFORMS = "iphoneos iphonesimulator macosx";
				SWIFT_EMIT_LOC_STRINGS = YES;
				SWIFT_VERSION = 5.0;
				TARGETED_DEVICE_FAMILY = "1,2";
			};
			name = Debug;
		};
		2E9117542AE99F7B00F707C6 /* Release */ = {
			isa = XCBuildConfiguration;
			buildSettings = {
				ASSETCATALOG_COMPILER_APPICON_NAME = AppIcon;
				ASSETCATALOG_COMPILER_GLOBAL_ACCENT_COLOR_NAME = AccentColor;
				CODE_SIGN_ENTITLEMENTS = FinalProjectApp/FinalProjectApp.entitlements;
				CODE_SIGN_STYLE = Automatic;
				CURRENT_PROJECT_VERSION = 1;
				DEVELOPMENT_ASSET_PATHS = "\"FinalProjectApp/Preview Content\"";
				DEVELOPMENT_TEAM = 6697LTF9VB;
				ENABLE_HARDENED_RUNTIME = YES;
				ENABLE_PREVIEWS = YES;
				GENERATE_INFOPLIST_FILE = YES;
				"INFOPLIST_KEY_UIApplicationSceneManifest_Generation[sdk=iphoneos*]" = YES;
				"INFOPLIST_KEY_UIApplicationSceneManifest_Generation[sdk=iphonesimulator*]" = YES;
				"INFOPLIST_KEY_UIApplicationSupportsIndirectInputEvents[sdk=iphoneos*]" = YES;
				"INFOPLIST_KEY_UIApplicationSupportsIndirectInputEvents[sdk=iphonesimulator*]" = YES;
				"INFOPLIST_KEY_UILaunchScreen_Generation[sdk=iphoneos*]" = YES;
				"INFOPLIST_KEY_UILaunchScreen_Generation[sdk=iphonesimulator*]" = YES;
				"INFOPLIST_KEY_UIStatusBarStyle[sdk=iphoneos*]" = UIStatusBarStyleDefault;
				"INFOPLIST_KEY_UIStatusBarStyle[sdk=iphonesimulator*]" = UIStatusBarStyleDefault;
				INFOPLIST_KEY_UISupportedInterfaceOrientations_iPad = "UIInterfaceOrientationPortrait UIInterfaceOrientationPortraitUpsideDown UIInterfaceOrientationLandscapeLeft UIInterfaceOrientationLandscapeRight";
				INFOPLIST_KEY_UISupportedInterfaceOrientations_iPhone = "UIInterfaceOrientationPortrait UIInterfaceOrientationLandscapeLeft UIInterfaceOrientationLandscapeRight";
				IPHONEOS_DEPLOYMENT_TARGET = 17.0;
				LD_RUNPATH_SEARCH_PATHS = "@executable_path/Frameworks";
				"LD_RUNPATH_SEARCH_PATHS[sdk=macosx*]" = "@executable_path/../Frameworks";
				MACOSX_DEPLOYMENT_TARGET = 14.0;
				MARKETING_VERSION = 1.0;
				PRODUCT_BUNDLE_IDENTIFIER = MobileAppDev.FinalProjectApp;
				PRODUCT_NAME = "$(TARGET_NAME)";
				SDKROOT = auto;
				SUPPORTED_PLATFORMS = "iphoneos iphonesimulator macosx";
				SWIFT_EMIT_LOC_STRINGS = YES;
				SWIFT_VERSION = 5.0;
				TARGETED_DEVICE_FAMILY = "1,2";
			};
			name = Release;
		};
		2E9117562AE99F7B00F707C6 /* Debug */ = {
			isa = XCBuildConfiguration;
			buildSettings = {
				ALWAYS_EMBED_SWIFT_STANDARD_LIBRARIES = YES;
				BUNDLE_LOADER = "$(TEST_HOST)";
				CODE_SIGN_STYLE = Automatic;
				CURRENT_PROJECT_VERSION = 1;
				DEVELOPMENT_TEAM = 6697LTF9VB;
				GENERATE_INFOPLIST_FILE = YES;
				IPHONEOS_DEPLOYMENT_TARGET = 17.0;
				MACOSX_DEPLOYMENT_TARGET = 14.0;
				MARKETING_VERSION = 1.0;
				PRODUCT_BUNDLE_IDENTIFIER = MobileAppDev.FinalProjectAppTests;
				PRODUCT_NAME = "$(TARGET_NAME)";
				SDKROOT = auto;
				SUPPORTED_PLATFORMS = "iphoneos iphonesimulator macosx";
				SWIFT_EMIT_LOC_STRINGS = NO;
				SWIFT_VERSION = 5.0;
				TARGETED_DEVICE_FAMILY = "1,2";
				TEST_HOST = "$(BUILT_PRODUCTS_DIR)/FinalProjectApp.app/$(BUNDLE_EXECUTABLE_FOLDER_PATH)/FinalProjectApp";
			};
			name = Debug;
		};
		2E9117572AE99F7B00F707C6 /* Release */ = {
			isa = XCBuildConfiguration;
			buildSettings = {
				ALWAYS_EMBED_SWIFT_STANDARD_LIBRARIES = YES;
				BUNDLE_LOADER = "$(TEST_HOST)";
				CODE_SIGN_STYLE = Automatic;
				CURRENT_PROJECT_VERSION = 1;
				DEVELOPMENT_TEAM = 6697LTF9VB;
				GENERATE_INFOPLIST_FILE = YES;
				IPHONEOS_DEPLOYMENT_TARGET = 17.0;
				MACOSX_DEPLOYMENT_TARGET = 14.0;
				MARKETING_VERSION = 1.0;
				PRODUCT_BUNDLE_IDENTIFIER = MobileAppDev.FinalProjectAppTests;
				PRODUCT_NAME = "$(TARGET_NAME)";
				SDKROOT = auto;
				SUPPORTED_PLATFORMS = "iphoneos iphonesimulator macosx";
				SWIFT_EMIT_LOC_STRINGS = NO;
				SWIFT_VERSION = 5.0;
				TARGETED_DEVICE_FAMILY = "1,2";
				TEST_HOST = "$(BUILT_PRODUCTS_DIR)/FinalProjectApp.app/$(BUNDLE_EXECUTABLE_FOLDER_PATH)/FinalProjectApp";
			};
			name = Release;
		};
		2E9117592AE99F7B00F707C6 /* Debug */ = {
			isa = XCBuildConfiguration;
			buildSettings = {
				ALWAYS_EMBED_SWIFT_STANDARD_LIBRARIES = YES;
				CODE_SIGN_STYLE = Automatic;
				CURRENT_PROJECT_VERSION = 1;
				DEVELOPMENT_TEAM = 6697LTF9VB;
				GENERATE_INFOPLIST_FILE = YES;
				IPHONEOS_DEPLOYMENT_TARGET = 17.0;
				MACOSX_DEPLOYMENT_TARGET = 14.0;
				MARKETING_VERSION = 1.0;
				PRODUCT_BUNDLE_IDENTIFIER = MobileAppDev.FinalProjectAppUITests;
				PRODUCT_NAME = "$(TARGET_NAME)";
				SDKROOT = auto;
				SUPPORTED_PLATFORMS = "iphoneos iphonesimulator macosx";
				SWIFT_EMIT_LOC_STRINGS = NO;
				SWIFT_VERSION = 5.0;
				TARGETED_DEVICE_FAMILY = "1,2";
				TEST_TARGET_NAME = FinalProjectApp;
			};
			name = Debug;
		};
		2E91175A2AE99F7B00F707C6 /* Release */ = {
			isa = XCBuildConfiguration;
			buildSettings = {
				ALWAYS_EMBED_SWIFT_STANDARD_LIBRARIES = YES;
				CODE_SIGN_STYLE = Automatic;
				CURRENT_PROJECT_VERSION = 1;
				DEVELOPMENT_TEAM = 6697LTF9VB;
				GENERATE_INFOPLIST_FILE = YES;
				IPHONEOS_DEPLOYMENT_TARGET = 17.0;
				MACOSX_DEPLOYMENT_TARGET = 14.0;
				MARKETING_VERSION = 1.0;
				PRODUCT_BUNDLE_IDENTIFIER = MobileAppDev.FinalProjectAppUITests;
				PRODUCT_NAME = "$(TARGET_NAME)";
				SDKROOT = auto;
				SUPPORTED_PLATFORMS = "iphoneos iphonesimulator macosx";
				SWIFT_EMIT_LOC_STRINGS = NO;
				SWIFT_VERSION = 5.0;
				TARGETED_DEVICE_FAMILY = "1,2";
				TEST_TARGET_NAME = FinalProjectApp;
			};
			name = Release;
		};
/* End XCBuildConfiguration section */

/* Begin XCConfigurationList section */
		2E9117282AE99F7A00F707C6 /* Build configuration list for PBXProject "FinalProjectApp" */ = {
			isa = XCConfigurationList;
			buildConfigurations = (
				2E9117502AE99F7B00F707C6 /* Debug */,
				2E9117512AE99F7B00F707C6 /* Release */,
			);
			defaultConfigurationIsVisible = 0;
			defaultConfigurationName = Release;
		};
		2E9117522AE99F7B00F707C6 /* Build configuration list for PBXNativeTarget "FinalProjectApp" */ = {
			isa = XCConfigurationList;
			buildConfigurations = (
				2E9117532AE99F7B00F707C6 /* Debug */,
				2E9117542AE99F7B00F707C6 /* Release */,
			);
			defaultConfigurationIsVisible = 0;
			defaultConfigurationName = Release;
		};
		2E9117552AE99F7B00F707C6 /* Build configuration list for PBXNativeTarget "FinalProjectAppTests" */ = {
			isa = XCConfigurationList;
			buildConfigurations = (
				2E9117562AE99F7B00F707C6 /* Debug */,
				2E9117572AE99F7B00F707C6 /* Release */,
			);
			defaultConfigurationIsVisible = 0;
			defaultConfigurationName = Release;
		};
		2E9117582AE99F7B00F707C6 /* Build configuration list for PBXNativeTarget "FinalProjectAppUITests" */ = {
			isa = XCConfigurationList;
			buildConfigurations = (
				2E9117592AE99F7B00F707C6 /* Debug */,
				2E91175A2AE99F7B00F707C6 /* Release */,
			);
			defaultConfigurationIsVisible = 0;
			defaultConfigurationName = Release;
		};
/* End XCConfigurationList section */
	};
	rootObject = 2E9117252AE99F7A00F707C6 /* Project object */;
}
